
Microsoft Visual Studio Solution File, Format Version 12.00
# Visual Studio Version 17
VisualStudioVersion = 17.1.32210.238
MinimumVisualStudioVersion = 10.0.40219.1
Project("{FAE04EC0-301F-11D3-BF4B-00C04F79EFBC}") = "SyncVsAsync", "SyncVsAsync\SyncVsAsync.csproj", "{5E8C4905-3222-4B10-860F-7AA2DE47088D}"
EndProject
Project("{FAE04EC0-301F-11D3-BF4B-00C04F79EFBC}") = "SyncVsAsyncAPI", "SyncVsAsyncAPI\SyncVsAsyncAPI.csproj", "{1FBDCBE5-513A-4930-AFAE-BC79E1E3CE1B}"
EndProject
Global
	GlobalSection(SolutionConfigurationPlatforms) = preSolution
		Debug|Any CPU = Debug|Any CPU
		Release|Any CPU = Release|Any CPU
	EndGlobalSection
	GlobalSection(ProjectConfigurationPlatforms) = postSolution
		{5E8C4905-3222-4B10-860F-7AA2DE47088D}.Debug|Any CPU.ActiveCfg = Debug|Any CPU
		{5E8C4905-3222-4B10-860F-7AA2DE47088D}.Debug|Any CPU.Build.0 = Debug|Any CPU
		{5E8C4905-3222-4B10-860F-7AA2DE47088D}.Release|Any CPU.ActiveCfg = Release|Any CPU
		{5E8C4905-3222-4B10-860F-7AA2DE47088D}.Release|Any CPU.Build.0 = Release|Any CPU
		{1FBDCBE5-513A-4930-AFAE-BC79E1E3CE1B}.Debug|Any CPU.ActiveCfg = Debug|Any CPU
		{1FBDCBE5-513A-4930-AFAE-BC79E1E3CE1B}.Debug|Any CPU.Build.0 = Debug|Any CPU
		{1FBDCBE5-513A-4930-AFAE-BC79E1E3CE1B}.Release|Any CPU.ActiveCfg = Release|Any CPU
		{1FBDCBE5-513A-4930-AFAE-BC79E1E3CE1B}.Release|Any CPU.Build.0 = Release|Any CPU
	EndGlobalSection
	GlobalSection(SolutionProperties) = preSolution
		HideSolutionNode = FALSE
	EndGlobalSection
	GlobalSection(ExtensibilityGlobals) = postSolution
		SolutionGuid = {39186E56-1CFE-4E2D-964F-3F2D039DC485}
	EndGlobalSection
EndGlobal
